
Microsoft Visual Studio Solution File, Format Version 12.00
# Visual Studio Version 17
VisualStudioVersion = 17.1.32421.90
MinimumVisualStudioVersion = 10.0.40219.1
Project("{2150E333-8FDC-42A3-9474-1A3956D46DE8}") = "Infrastructure", "Infrastructure", "{AF262A6B-D004-4DA0-B955-F5C26EFFDC4A}"
EndProject
Project("{2150E333-8FDC-42A3-9474-1A3956D46DE8}") = "BankRecord", "BankRecord", "{49830EA3-3A9C-45DA-9CD5-EE707F363715}"
EndProject
Project("{2150E333-8FDC-42A3-9474-1A3956D46DE8}") = "Document", "Document", "{A814D02D-FC52-4CD9-A60D-E53356E2469D}"
EndProject
Project("{2150E333-8FDC-42A3-9474-1A3956D46DE8}") = "BuyRequest", "BuyRequest", "{65E3536B-BF78-49EA-9109-5D37C33A23BD}"
EndProject
Project("{2150E333-8FDC-42A3-9474-1A3956D46DE8}") = "Data", "Data", "{E7D774B1-A721-45EB-A051-2C8365FD9381}"
EndProject
Project("{2150E333-8FDC-42A3-9474-1A3956D46DE8}") = "Communication", "Communication", "{F8ABE72B-D972-4AC7-ABD6-DB6DED87C3FC}"
EndProject
Project("{2150E333-8FDC-42A3-9474-1A3956D46DE8}") = "Domain", "Domain", "{390F829D-C8A0-4E67-87CB-C7C4A49C1C77}"
EndProject
Project("{9A19103F-16F7-4668-BE54-9A1E7A4F7556}") = "BankRecordAPI", "BankRecord\BankRecordAPI.csproj", "{ECA81E2F-C316-456A-B8CB-98CE33C6113D}"
EndProject
Project("{2150E333-8FDC-42A3-9474-1A3956D46DE8}") = "Data", "Data", "{57744CC9-FCBF-4F67-A938-137E354196C8}"
EndProject
Project("{2150E333-8FDC-42A3-9474-1A3956D46DE8}") = "Domain", "Domain", "{752B7ED4-5337-4F2B-9372-535DD5EA55BF}"
EndProject
Project("{9A19103F-16F7-4668-BE54-9A1E7A4F7556}") = "BuyRequestsAPI", "BuyRequest\BuyRequestsAPI.csproj", "{026FE7C5-61C3-491A-8B01-91B1D141C1B4}"
EndProject
Project("{2150E333-8FDC-42A3-9474-1A3956D46DE8}") = "Data", "Data", "{C1ABEE07-9AEC-4CD2-9EDB-ADCF8FA9C95F}"
EndProject
Project("{2150E333-8FDC-42A3-9474-1A3956D46DE8}") = "Domain", "Domain", "{879DA24C-5905-4A53-8706-5A6F490E8301}"
EndProject
Project("{9A19103F-16F7-4668-BE54-9A1E7A4F7556}") = "DocumentAPI", "Document\DocumentAPI.csproj", "{DA9CD51F-5C37-465C-8315-55759659766F}"
EndProject
Project("{9A19103F-16F7-4668-BE54-9A1E7A4F7556}") = "Infrastructure", "Infrastructure\Infrastructure.csproj", "{51DE2713-5A03-4CCC-B3FC-C14321D89F6B}"
EndProject
Project("{9A19103F-16F7-4668-BE54-9A1E7A4F7556}") = "BankRecordDomain", "BankRecordDomain\BankRecordDomain.csproj", "{54AE12EF-7024-40E7-AB01-1C811BE44DB3}"
EndProject
Project("{9A19103F-16F7-4668-BE54-9A1E7A4F7556}") = "BankRecordData", "BankRecordData\BankRecordData.csproj", "{A9883DD0-6183-451A-B0CD-A775934CE7FF}"
EndProject
Project("{2150E333-8FDC-42A3-9474-1A3956D46DE8}") = "Application", "Application", "{B17D111B-B78A-408E-9AD2-F6A9C284E627}"
EndProject
Project("{9A19103F-16F7-4668-BE54-9A1E7A4F7556}") = "ApplicationBankRecord", "ApplicationBR\ApplicationBankRecord.csproj", "{90116706-12C3-4E00-B367-FF7D36E93653}"
EndProject
Project("{9A19103F-16F7-4668-BE54-9A1E7A4F7556}") = "BankRecordAPIClient", "BankRecordAPIClient\BankRecordAPIClient.csproj", "{5C3F7557-28C0-4829-BAC6-F707B4C09F88}"
EndProject
Project("{2150E333-8FDC-42A3-9474-1A3956D46DE8}") = "Application", "Application", "{60C2862E-3B3A-4595-86B5-AEAFC5B845FF}"
EndProject
Project("{9A19103F-16F7-4668-BE54-9A1E7A4F7556}") = "ApplicationBuyRequest", "ApplicationBuyRequest\ApplicationBuyRequest.csproj", "{886F2F4C-DE5B-47C1-B7D0-9932ABABFAB1}"
EndProject
Project("{9A19103F-16F7-4668-BE54-9A1E7A4F7556}") = "BuyRequestData", "DataBuyRequest\BuyRequestData.csproj", "{3648A102-EA25-4F1E-91A9-FB2CD027D0F0}"
EndProject
Project("{9A19103F-16F7-4668-BE54-9A1E7A4F7556}") = "BuyRequestDomain", "BuyRequestDomain\BuyRequestDomain.csproj", "{2CD49904-28B1-4229-A9ED-8D1F889CD6D6}"
EndProject
Project("{9A19103F-16F7-4668-BE54-9A1E7A4F7556}") = "DocumentData", "DocumentData\DocumentData.csproj", "{547D5BA8-807B-4BA5-80F7-59303330F3A0}"
EndProject
Project("{9A19103F-16F7-4668-BE54-9A1E7A4F7556}") = "DocumentDomain", "DocumentDomain\DocumentDomain.csproj", "{EE725128-3AED-41C7-9406-7AA0CB6DC5A1}"
EndProject
Project("{2150E333-8FDC-42A3-9474-1A3956D46DE8}") = "Application", "Application", "{D58BAD2E-6147-4AD5-BB88-137F3EBAB1D3}"
EndProject
Project("{9A19103F-16F7-4668-BE54-9A1E7A4F7556}") = "DocumentApplication", "DocumentApplication\DocumentApplication.csproj", "{4ED06969-C3B5-4DB3-B522-D9C2AFCA7BDD}"
EndProject
Project("{2150E333-8FDC-42A3-9474-1A3956D46DE8}") = "UnitTest", "UnitTest", "{FA1483FF-C871-49EA-9A64-AE89E99F5BC7}"
EndProject
Project("{9A19103F-16F7-4668-BE54-9A1E7A4F7556}") = "BankRecord.UnitTest", "BankRecord.UnitTest\BankRecord.UnitTest.csproj", "{4FB39AB0-2E86-40C8-A56B-0A49D535DA6B}"
EndProject
Project("{2150E333-8FDC-42A3-9474-1A3956D46DE8}") = "UnitTest", "UnitTest", "{315CCD8B-05C2-42A2-B228-0A775604101E}"
EndProject
Project("{9A19103F-16F7-4668-BE54-9A1E7A4F7556}") = "BuyRequest.UnitTest", "BuyRequest.UnitTest\BuyRequest.UnitTest.csproj", "{4E94DFE7-9F45-46FA-85B9-2EA0D221758F}"
EndProject
Project("{2150E333-8FDC-42A3-9474-1A3956D46DE8}") = "UnitTest", "UnitTest", "{A17CD827-166F-4CA4-9071-FC6C1B5F8D45}"
EndProject
Project("{9A19103F-16F7-4668-BE54-9A1E7A4F7556}") = "Document.UnitTest", "Document.UnitTest\Document.UnitTest.csproj", "{D79CA78F-CA4D-4706-AC5D-FC8F4919727F}"
EndProject
Project("{2150E333-8FDC-42A3-9474-1A3956D46DE8}") = "Product", "Product", "{B844C37A-058C-4FD6-BFB0-0930E235B945}"
EndProject
Project("{2150E333-8FDC-42A3-9474-1A3956D46DE8}") = "Application", "Application", "{1D7D0147-EE83-4210-8103-53B43F4845EE}"
EndProject
Project("{2150E333-8FDC-42A3-9474-1A3956D46DE8}") = "Domain", "Domain", "{1A5C9D25-5484-40B3-9851-3985D7AC505E}"
EndProject
Project("{2150E333-8FDC-42A3-9474-1A3956D46DE8}") = "UnitTest", "UnitTest", "{0F0D9F86-FB69-48AE-B938-08E8CD5C672F}"
EndProject
Project("{9A19103F-16F7-4668-BE54-9A1E7A4F7556}") = "ProductDomain", "ProductDomain\ProductDomain.csproj", "{62661C00-AC90-453C-BAC3-0C313C913E92}"
EndProject
Project("{9A19103F-16F7-4668-BE54-9A1E7A4F7556}") = "ProductAPI", "ProductAPI\ProductAPI.csproj", "{3039295A-1E75-402A-880C-4AA75D121D4F}"
EndProject
Project("{2150E333-8FDC-42A3-9474-1A3956D46DE8}") = "Data", "Data", "{8B74E8A7-66ED-4F68-BFA3-B2DB1B82B4F9}"
EndProject
Project("{9A19103F-16F7-4668-BE54-9A1E7A4F7556}") = "ProductData", "ProductData\ProductData.csproj", "{3AB7BB48-4A26-457A-86E3-6D974AAA6F44}"
EndProject
Project("{9A19103F-16F7-4668-BE54-9A1E7A4F7556}") = "ProductApplication", "ProductApplication\ProductApplication.csproj", "{B95060CB-CC7B-4FA3-9544-6770711021BC}"
EndProject
Project("{9A19103F-16F7-4668-BE54-9A1E7A4F7556}") = "Product.UnitTest", "Product.UnitTest\Product.UnitTest.csproj", "{3C2B2E3F-9C80-4AEB-AE9C-BB7E6015CA90}"
EndProject
Project("{E53339B2-1760-4266-BCC7-CA923CBCF16C}") = "docker-compose", "docker-compose.dcproj", "{C674693C-4F0C-4D0F-8598-FF06DACA2E93}"
EndProject
Global
	GlobalSection(SolutionConfigurationPlatforms) = preSolution
		Debug|Any CPU = Debug|Any CPU
		Release|Any CPU = Release|Any CPU
	EndGlobalSection
	GlobalSection(ProjectConfigurationPlatforms) = postSolution
		{ECA81E2F-C316-456A-B8CB-98CE33C6113D}.Debug|Any CPU.ActiveCfg = Debug|Any CPU
		{ECA81E2F-C316-456A-B8CB-98CE33C6113D}.Debug|Any CPU.Build.0 = Debug|Any CPU
		{ECA81E2F-C316-456A-B8CB-98CE33C6113D}.Release|Any CPU.ActiveCfg = Release|Any CPU
		{ECA81E2F-C316-456A-B8CB-98CE33C6113D}.Release|Any CPU.Build.0 = Release|Any CPU
		{026FE7C5-61C3-491A-8B01-91B1D141C1B4}.Debug|Any CPU.ActiveCfg = Debug|Any CPU
		{026FE7C5-61C3-491A-8B01-91B1D141C1B4}.Debug|Any CPU.Build.0 = Debug|Any CPU
		{026FE7C5-61C3-491A-8B01-91B1D141C1B4}.Release|Any CPU.ActiveCfg = Release|Any CPU
		{026FE7C5-61C3-491A-8B01-91B1D141C1B4}.Release|Any CPU.Build.0 = Release|Any CPU
		{DA9CD51F-5C37-465C-8315-55759659766F}.Debug|Any CPU.ActiveCfg = Debug|Any CPU
		{DA9CD51F-5C37-465C-8315-55759659766F}.Debug|Any CPU.Build.0 = Debug|Any CPU
		{DA9CD51F-5C37-465C-8315-55759659766F}.Release|Any CPU.ActiveCfg = Release|Any CPU
		{DA9CD51F-5C37-465C-8315-55759659766F}.Release|Any CPU.Build.0 = Release|Any CPU
		{51DE2713-5A03-4CCC-B3FC-C14321D89F6B}.Debug|Any CPU.ActiveCfg = Debug|Any CPU
		{51DE2713-5A03-4CCC-B3FC-C14321D89F6B}.Debug|Any CPU.Build.0 = Debug|Any CPU
		{51DE2713-5A03-4CCC-B3FC-C14321D89F6B}.Release|Any CPU.ActiveCfg = Release|Any CPU
		{51DE2713-5A03-4CCC-B3FC-C14321D89F6B}.Release|Any CPU.Build.0 = Release|Any CPU
		{54AE12EF-7024-40E7-AB01-1C811BE44DB3}.Debug|Any CPU.ActiveCfg = Debug|Any CPU
		{54AE12EF-7024-40E7-AB01-1C811BE44DB3}.Debug|Any CPU.Build.0 = Debug|Any CPU
		{54AE12EF-7024-40E7-AB01-1C811BE44DB3}.Release|Any CPU.ActiveCfg = Release|Any CPU
		{54AE12EF-7024-40E7-AB01-1C811BE44DB3}.Release|Any CPU.Build.0 = Release|Any CPU
		{A9883DD0-6183-451A-B0CD-A775934CE7FF}.Debug|Any CPU.ActiveCfg = Debug|Any CPU
		{A9883DD0-6183-451A-B0CD-A775934CE7FF}.Debug|Any CPU.Build.0 = Debug|Any CPU
		{A9883DD0-6183-451A-B0CD-A775934CE7FF}.Release|Any CPU.ActiveCfg = Release|Any CPU
		{A9883DD0-6183-451A-B0CD-A775934CE7FF}.Release|Any CPU.Build.0 = Release|Any CPU
		{90116706-12C3-4E00-B367-FF7D36E93653}.Debug|Any CPU.ActiveCfg = Debug|Any CPU
		{90116706-12C3-4E00-B367-FF7D36E93653}.Debug|Any CPU.Build.0 = Debug|Any CPU
		{90116706-12C3-4E00-B367-FF7D36E93653}.Release|Any CPU.ActiveCfg = Release|Any CPU
		{90116706-12C3-4E00-B367-FF7D36E93653}.Release|Any CPU.Build.0 = Release|Any CPU
		{5C3F7557-28C0-4829-BAC6-F707B4C09F88}.Debug|Any CPU.ActiveCfg = Debug|Any CPU
		{5C3F7557-28C0-4829-BAC6-F707B4C09F88}.Debug|Any CPU.Build.0 = Debug|Any CPU
		{5C3F7557-28C0-4829-BAC6-F707B4C09F88}.Release|Any CPU.ActiveCfg = Release|Any CPU
		{5C3F7557-28C0-4829-BAC6-F707B4C09F88}.Release|Any CPU.Build.0 = Release|Any CPU
		{886F2F4C-DE5B-47C1-B7D0-9932ABABFAB1}.Debug|Any CPU.ActiveCfg = Debug|Any CPU
		{886F2F4C-DE5B-47C1-B7D0-9932ABABFAB1}.Debug|Any CPU.Build.0 = Debug|Any CPU
		{886F2F4C-DE5B-47C1-B7D0-9932ABABFAB1}.Release|Any CPU.ActiveCfg = Release|Any CPU
		{886F2F4C-DE5B-47C1-B7D0-9932ABABFAB1}.Release|Any CPU.Build.0 = Release|Any CPU
		{3648A102-EA25-4F1E-91A9-FB2CD027D0F0}.Debug|Any CPU.ActiveCfg = Debug|Any CPU
		{3648A102-EA25-4F1E-91A9-FB2CD027D0F0}.Debug|Any CPU.Build.0 = Debug|Any CPU
		{3648A102-EA25-4F1E-91A9-FB2CD027D0F0}.Release|Any CPU.ActiveCfg = Release|Any CPU
		{3648A102-EA25-4F1E-91A9-FB2CD027D0F0}.Release|Any CPU.Build.0 = Release|Any CPU
		{2CD49904-28B1-4229-A9ED-8D1F889CD6D6}.Debug|Any CPU.ActiveCfg = Debug|Any CPU
		{2CD49904-28B1-4229-A9ED-8D1F889CD6D6}.Debug|Any CPU.Build.0 = Debug|Any CPU
		{2CD49904-28B1-4229-A9ED-8D1F889CD6D6}.Release|Any CPU.ActiveCfg = Release|Any CPU
		{2CD49904-28B1-4229-A9ED-8D1F889CD6D6}.Release|Any CPU.Build.0 = Release|Any CPU
		{547D5BA8-807B-4BA5-80F7-59303330F3A0}.Debug|Any CPU.ActiveCfg = Debug|Any CPU
		{547D5BA8-807B-4BA5-80F7-59303330F3A0}.Debug|Any CPU.Build.0 = Debug|Any CPU
		{547D5BA8-807B-4BA5-80F7-59303330F3A0}.Release|Any CPU.ActiveCfg = Release|Any CPU
		{547D5BA8-807B-4BA5-80F7-59303330F3A0}.Release|Any CPU.Build.0 = Release|Any CPU
		{EE725128-3AED-41C7-9406-7AA0CB6DC5A1}.Debug|Any CPU.ActiveCfg = Debug|Any CPU
		{EE725128-3AED-41C7-9406-7AA0CB6DC5A1}.Debug|Any CPU.Build.0 = Debug|Any CPU
		{EE725128-3AED-41C7-9406-7AA0CB6DC5A1}.Release|Any CPU.ActiveCfg = Release|Any CPU
		{EE725128-3AED-41C7-9406-7AA0CB6DC5A1}.Release|Any CPU.Build.0 = Release|Any CPU
		{4ED06969-C3B5-4DB3-B522-D9C2AFCA7BDD}.Debug|Any CPU.ActiveCfg = Debug|Any CPU
		{4ED06969-C3B5-4DB3-B522-D9C2AFCA7BDD}.Debug|Any CPU.Build.0 = Debug|Any CPU
		{4ED06969-C3B5-4DB3-B522-D9C2AFCA7BDD}.Release|Any CPU.ActiveCfg = Release|Any CPU
		{4ED06969-C3B5-4DB3-B522-D9C2AFCA7BDD}.Release|Any CPU.Build.0 = Release|Any CPU
		{4FB39AB0-2E86-40C8-A56B-0A49D535DA6B}.Debug|Any CPU.ActiveCfg = Debug|Any CPU
		{4FB39AB0-2E86-40C8-A56B-0A49D535DA6B}.Debug|Any CPU.Build.0 = Debug|Any CPU
		{4FB39AB0-2E86-40C8-A56B-0A49D535DA6B}.Release|Any CPU.ActiveCfg = Release|Any CPU
		{4FB39AB0-2E86-40C8-A56B-0A49D535DA6B}.Release|Any CPU.Build.0 = Release|Any CPU
		{4E94DFE7-9F45-46FA-85B9-2EA0D221758F}.Debug|Any CPU.ActiveCfg = Debug|Any CPU
		{4E94DFE7-9F45-46FA-85B9-2EA0D221758F}.Debug|Any CPU.Build.0 = Debug|Any CPU
		{4E94DFE7-9F45-46FA-85B9-2EA0D221758F}.Release|Any CPU.ActiveCfg = Release|Any CPU
		{4E94DFE7-9F45-46FA-85B9-2EA0D221758F}.Release|Any CPU.Build.0 = Release|Any CPU
		{D79CA78F-CA4D-4706-AC5D-FC8F4919727F}.Debug|Any CPU.ActiveCfg = Debug|Any CPU
		{D79CA78F-CA4D-4706-AC5D-FC8F4919727F}.Debug|Any CPU.Build.0 = Debug|Any CPU
		{D79CA78F-CA4D-4706-AC5D-FC8F4919727F}.Release|Any CPU.ActiveCfg = Release|Any CPU
		{D79CA78F-CA4D-4706-AC5D-FC8F4919727F}.Release|Any CPU.Build.0 = Release|Any CPU
		{62661C00-AC90-453C-BAC3-0C313C913E92}.Debug|Any CPU.ActiveCfg = Debug|Any CPU
		{62661C00-AC90-453C-BAC3-0C313C913E92}.Debug|Any CPU.Build.0 = Debug|Any CPU
		{62661C00-AC90-453C-BAC3-0C313C913E92}.Release|Any CPU.ActiveCfg = Release|Any CPU
		{62661C00-AC90-453C-BAC3-0C313C913E92}.Release|Any CPU.Build.0 = Release|Any CPU
		{3039295A-1E75-402A-880C-4AA75D121D4F}.Debug|Any CPU.ActiveCfg = Debug|Any CPU
		{3039295A-1E75-402A-880C-4AA75D121D4F}.Debug|Any CPU.Build.0 = Debug|Any CPU
		{3039295A-1E75-402A-880C-4AA75D121D4F}.Release|Any CPU.ActiveCfg = Release|Any CPU
		{3039295A-1E75-402A-880C-4AA75D121D4F}.Release|Any CPU.Build.0 = Release|Any CPU
		{3AB7BB48-4A26-457A-86E3-6D974AAA6F44}.Debug|Any CPU.ActiveCfg = Debug|Any CPU
		{3AB7BB48-4A26-457A-86E3-6D974AAA6F44}.Debug|Any CPU.Build.0 = Debug|Any CPU
		{3AB7BB48-4A26-457A-86E3-6D974AAA6F44}.Release|Any CPU.ActiveCfg = Release|Any CPU
		{3AB7BB48-4A26-457A-86E3-6D974AAA6F44}.Release|Any CPU.Build.0 = Release|Any CPU
		{B95060CB-CC7B-4FA3-9544-6770711021BC}.Debug|Any CPU.ActiveCfg = Debug|Any CPU
		{B95060CB-CC7B-4FA3-9544-6770711021BC}.Debug|Any CPU.Build.0 = Debug|Any CPU
		{B95060CB-CC7B-4FA3-9544-6770711021BC}.Release|Any CPU.ActiveCfg = Release|Any CPU
		{B95060CB-CC7B-4FA3-9544-6770711021BC}.Release|Any CPU.Build.0 = Release|Any CPU
		{3C2B2E3F-9C80-4AEB-AE9C-BB7E6015CA90}.Debug|Any CPU.ActiveCfg = Debug|Any CPU
		{3C2B2E3F-9C80-4AEB-AE9C-BB7E6015CA90}.Debug|Any CPU.Build.0 = Debug|Any CPU
		{3C2B2E3F-9C80-4AEB-AE9C-BB7E6015CA90}.Release|Any CPU.ActiveCfg = Release|Any CPU
		{3C2B2E3F-9C80-4AEB-AE9C-BB7E6015CA90}.Release|Any CPU.Build.0 = Release|Any CPU
		{C674693C-4F0C-4D0F-8598-FF06DACA2E93}.Debug|Any CPU.ActiveCfg = Debug|Any CPU
		{C674693C-4F0C-4D0F-8598-FF06DACA2E93}.Debug|Any CPU.Build.0 = Debug|Any CPU
		{C674693C-4F0C-4D0F-8598-FF06DACA2E93}.Release|Any CPU.ActiveCfg = Release|Any CPU
		{C674693C-4F0C-4D0F-8598-FF06DACA2E93}.Release|Any CPU.Build.0 = Release|Any CPU
	EndGlobalSection
	GlobalSection(SolutionProperties) = preSolution
		HideSolutionNode = FALSE
	EndGlobalSection
	GlobalSection(NestedProjects) = preSolution
		{E7D774B1-A721-45EB-A051-2C8365FD9381} = {49830EA3-3A9C-45DA-9CD5-EE707F363715}
		{F8ABE72B-D972-4AC7-ABD6-DB6DED87C3FC} = {49830EA3-3A9C-45DA-9CD5-EE707F363715}
		{390F829D-C8A0-4E67-87CB-C7C4A49C1C77} = {49830EA3-3A9C-45DA-9CD5-EE707F363715}
		{ECA81E2F-C316-456A-B8CB-98CE33C6113D} = {49830EA3-3A9C-45DA-9CD5-EE707F363715}
		{57744CC9-FCBF-4F67-A938-137E354196C8} = {65E3536B-BF78-49EA-9109-5D37C33A23BD}
		{752B7ED4-5337-4F2B-9372-535DD5EA55BF} = {65E3536B-BF78-49EA-9109-5D37C33A23BD}
		{026FE7C5-61C3-491A-8B01-91B1D141C1B4} = {65E3536B-BF78-49EA-9109-5D37C33A23BD}
		{C1ABEE07-9AEC-4CD2-9EDB-ADCF8FA9C95F} = {A814D02D-FC52-4CD9-A60D-E53356E2469D}
		{879DA24C-5905-4A53-8706-5A6F490E8301} = {A814D02D-FC52-4CD9-A60D-E53356E2469D}
		{DA9CD51F-5C37-465C-8315-55759659766F} = {A814D02D-FC52-4CD9-A60D-E53356E2469D}
		{51DE2713-5A03-4CCC-B3FC-C14321D89F6B} = {AF262A6B-D004-4DA0-B955-F5C26EFFDC4A}
		{54AE12EF-7024-40E7-AB01-1C811BE44DB3} = {390F829D-C8A0-4E67-87CB-C7C4A49C1C77}
		{A9883DD0-6183-451A-B0CD-A775934CE7FF} = {E7D774B1-A721-45EB-A051-2C8365FD9381}
		{B17D111B-B78A-408E-9AD2-F6A9C284E627} = {49830EA3-3A9C-45DA-9CD5-EE707F363715}
		{90116706-12C3-4E00-B367-FF7D36E93653} = {B17D111B-B78A-408E-9AD2-F6A9C284E627}
		{5C3F7557-28C0-4829-BAC6-F707B4C09F88} = {F8ABE72B-D972-4AC7-ABD6-DB6DED87C3FC}
		{60C2862E-3B3A-4595-86B5-AEAFC5B845FF} = {65E3536B-BF78-49EA-9109-5D37C33A23BD}
		{886F2F4C-DE5B-47C1-B7D0-9932ABABFAB1} = {60C2862E-3B3A-4595-86B5-AEAFC5B845FF}
		{3648A102-EA25-4F1E-91A9-FB2CD027D0F0} = {57744CC9-FCBF-4F67-A938-137E354196C8}
		{2CD49904-28B1-4229-A9ED-8D1F889CD6D6} = {752B7ED4-5337-4F2B-9372-535DD5EA55BF}
		{547D5BA8-807B-4BA5-80F7-59303330F3A0} = {C1ABEE07-9AEC-4CD2-9EDB-ADCF8FA9C95F}
		{EE725128-3AED-41C7-9406-7AA0CB6DC5A1} = {879DA24C-5905-4A53-8706-5A6F490E8301}
		{D58BAD2E-6147-4AD5-BB88-137F3EBAB1D3} = {A814D02D-FC52-4CD9-A60D-E53356E2469D}
		{4ED06969-C3B5-4DB3-B522-D9C2AFCA7BDD} = {D58BAD2E-6147-4AD5-BB88-137F3EBAB1D3}
		{FA1483FF-C871-49EA-9A64-AE89E99F5BC7} = {49830EA3-3A9C-45DA-9CD5-EE707F363715}
		{4FB39AB0-2E86-40C8-A56B-0A49D535DA6B} = {FA1483FF-C871-49EA-9A64-AE89E99F5BC7}
		{315CCD8B-05C2-42A2-B228-0A775604101E} = {65E3536B-BF78-49EA-9109-5D37C33A23BD}
		{4E94DFE7-9F45-46FA-85B9-2EA0D221758F} = {315CCD8B-05C2-42A2-B228-0A775604101E}
		{A17CD827-166F-4CA4-9071-FC6C1B5F8D45} = {A814D02D-FC52-4CD9-A60D-E53356E2469D}
		{D79CA78F-CA4D-4706-AC5D-FC8F4919727F} = {A17CD827-166F-4CA4-9071-FC6C1B5F8D45}
		{1D7D0147-EE83-4210-8103-53B43F4845EE} = {B844C37A-058C-4FD6-BFB0-0930E235B945}
		{1A5C9D25-5484-40B3-9851-3985D7AC505E} = {B844C37A-058C-4FD6-BFB0-0930E235B945}
		{0F0D9F86-FB69-48AE-B938-08E8CD5C672F} = {B844C37A-058C-4FD6-BFB0-0930E235B945}
		{62661C00-AC90-453C-BAC3-0C313C913E92} = {1A5C9D25-5484-40B3-9851-3985D7AC505E}
		{3039295A-1E75-402A-880C-4AA75D121D4F} = {B844C37A-058C-4FD6-BFB0-0930E235B945}
		{8B74E8A7-66ED-4F68-BFA3-B2DB1B82B4F9} = {B844C37A-058C-4FD6-BFB0-0930E235B945}
		{3AB7BB48-4A26-457A-86E3-6D974AAA6F44} = {8B74E8A7-66ED-4F68-BFA3-B2DB1B82B4F9}
		{B95060CB-CC7B-4FA3-9544-6770711021BC} = {1D7D0147-EE83-4210-8103-53B43F4845EE}
		{3C2B2E3F-9C80-4AEB-AE9C-BB7E6015CA90} = {0F0D9F86-FB69-48AE-B938-08E8CD5C672F}
	EndGlobalSection
	GlobalSection(ExtensibilityGlobals) = postSolution
		SolutionGuid = {06B02939-D6FD-4192-B0AD-DCD24DF459D8}
	EndGlobalSection
EndGlobal
